langcode: en
status: true
dependencies: {  }
id: ucb_people_list_block
label: 'People List Block'
revision: 0
description: 'A configurable block that displays a list of People, similar to the Person List Page with simpler options. Block contains options for how your block will display to users (Teaser, Grid, Name & Thumbnail, Name Only) and selectable filters by taxonomies on a Person (Department, Job Type, Filter 1, 2, 3) to curate a specific list of People'
